
Microsoft Visual Studio Solution File, Format Version 12.00
# Visual Studio 15
VisualStudioVersion = 15.0.28307.539
MinimumVisualStudioVersion = 10.0.40219.1
Project("{9A19103F-16F7-4668-BE54-9A1E7A4F7556}") = "Database", "Database\Database.csproj", "{8925D128-39C0-4EFA-A481-4BA81886028A}"
EndProject
Project("{9A19103F-16F7-4668-BE54-9A1E7A4F7556}") = "GUIEksamenWeb", "GUIEksamenWeb\GUIEksamenWeb.csproj", "{E9875838-3174-4001-B366-5439E9E3547F}"
EndProject
Project("{FAE04EC0-301F-11D3-BF4B-00C04F79EFBC}") = "GUIEksamenWpf", "GUIEksamenWpf\GUIEksamenWpf.csproj", "{DCD8E31F-430A-4990-BCDC-A526E4D81E47}"
EndProject
Global
	GlobalSection(SolutionConfigurationPlatforms) = preSolution
		Debug|Any CPU = Debug|Any CPU
		Release|Any CPU = Release|Any CPU
	EndGlobalSection
	GlobalSection(ProjectConfigurationPlatforms) = postSolution
		{8925D128-39C0-4EFA-A481-4BA81886028A}.Debug|Any CPU.ActiveCfg = Debug|Any CPU
		{8925D128-39C0-4EFA-A481-4BA81886028A}.Debug|Any CPU.Build.0 = Debug|Any CPU
		{8925D128-39C0-4EFA-A481-4BA81886028A}.Release|Any CPU.ActiveCfg = Release|Any CPU
		{8925D128-39C0-4EFA-A481-4BA81886028A}.Release|Any CPU.Build.0 = Release|Any CPU
		{E9875838-3174-4001-B366-5439E9E3547F}.Debug|Any CPU.ActiveCfg = Debug|Any CPU
		{E9875838-3174-4001-B366-5439E9E3547F}.Debug|Any CPU.Build.0 = Debug|Any CPU
		{E9875838-3174-4001-B366-5439E9E3547F}.Release|Any CPU.ActiveCfg = Release|Any CPU
		{E9875838-3174-4001-B366-5439E9E3547F}.Release|Any CPU.Build.0 = Release|Any CPU
		{DCD8E31F-430A-4990-BCDC-A526E4D81E47}.Debug|Any CPU.ActiveCfg = Debug|Any CPU
		{DCD8E31F-430A-4990-BCDC-A526E4D81E47}.Debug|Any CPU.Build.0 = Debug|Any CPU
		{DCD8E31F-430A-4990-BCDC-A526E4D81E47}.Release|Any CPU.ActiveCfg = Release|Any CPU
		{DCD8E31F-430A-4990-BCDC-A526E4D81E47}.Release|Any CPU.Build.0 = Release|Any CPU
	EndGlobalSection
	GlobalSection(SolutionProperties) = preSolution
		HideSolutionNode = FALSE
	EndGlobalSection
	GlobalSection(ExtensibilityGlobals) = postSolution
		SolutionGuid = {4AFDAB6B-3A99-4907-A0D6-5803B1C3370B}
	EndGlobalSection
EndGlobal
